// !$*UTF8*$!
{
	archiveVersion = 1;
	classes = {
	};
	objectVersion = 50;
	objects = {

/* Begin PBXBuildFile section */
		C836DC9D21F33B4F005EDAD9 /* AppDelegate.swift in Sources */ = {isa = PBXBuildFile; fileRef = C836DC9C21F33B4F005EDAD9 /* AppDelegate.swift */; };
		C836DCA221F33B4F005EDAD9 /* Main.storyboard in Resources */ = {isa = PBXBuildFile; fileRef = C836DCA021F33B4F005EDAD9 /* Main.storyboard */; };
		C836DCA421F33B4F005EDAD9 /* Assets.xcassets in Resources */ = {isa = PBXBuildFile; fileRef = C836DCA321F33B4F005EDAD9 /* Assets.xcassets */; };
		C836DCA721F33B4F005EDAD9 /* LaunchScreen.storyboard in Resources */ = {isa = PBXBuildFile; fileRef = C836DCA521F33B4F005EDAD9 /* LaunchScreen.storyboard */; };
		C836DCAF21F33B89005EDAD9 /* CircleCollectionViewLayout.swift in Sources */ = {isa = PBXBuildFile; fileRef = C836DCAE21F33B89005EDAD9 /* CircleCollectionViewLayout.swift */; };
		C836DCB121F33C14005EDAD9 /* Circle.swift in Sources */ = {isa = PBXBuildFile; fileRef = C836DCB021F33C14005EDAD9 /* Circle.swift */; };
		C836DCB321F33FCF005EDAD9 /* CoreGraphicsAdditions.swift in Sources */ = {isa = PBXBuildFile; fileRef = C836DCB221F33FCF005EDAD9 /* CoreGraphicsAdditions.swift */; };
		C836DCB521F344BD005EDAD9 /* CollectionViewController.swift in Sources */ = {isa = PBXBuildFile; fileRef = C836DCB421F344BD005EDAD9 /* CollectionViewController.swift */; };
		C836DCB721F3483F005EDAD9 /* CircleCollectionViewCell.swift in Sources */ = {isa = PBXBuildFile; fileRef = C836DCB621F3483F005EDAD9 /* CircleCollectionViewCell.swift */; };
/* End PBXBuildFile section */

/* Begin PBXFileReference section */
		C836DC9921F33B4F005EDAD9 /* CustomUICollectionViewLayout.app */ = {isa = PBXFileReference; explicitFileType = wrapper.application; includeInIndex = 0; path = CustomUICollectionViewLayout.app; sourceTree = BUILT_PRODUCTS_DIR; };
		C836DC9C21F33B4F005EDAD9 /* AppDelegate.swift */ = {isa = PBXFileReference; lastKnownFileType = sourcecode.swift; path = AppDelegate.swift; sourceTree = "<group>"; };
		C836DCA121F33B4F005EDAD9 /* Base */ = {isa = PBXFileReference; lastKnownFileType = file.storyboard; name = Base; path = Base.lproj/Main.storyboard; sourceTree = "<group>"; };
		C836DCA321F33B4F005EDAD9 /* Assets.xcassets */ = {isa = PBXFileReference; lastKnownFileType = folder.assetcatalog; path = Assets.xcassets; sourceTree = "<group>"; };
		C836DCA621F33B4F005EDAD9 /* Base */ = {isa = PBXFileReference; lastKnownFileType = file.storyboard; name = Base; path = Base.lproj/LaunchScreen.storyboard; sourceTree = "<group>"; };
		C836DCA821F33B4F005EDAD9 /* Info.plist */ = {isa = PBXFileReference; lastKnownFileType = text.plist.xml; path = Info.plist; sourceTree = "<group>"; };
		C836DCAE21F33B89005EDAD9 /* CircleCollectionViewLayout.swift */ = {isa = PBXFileReference; lastKnownFileType = sourcecode.swift; path = CircleCollectionViewLayout.swift; sourceTree = "<group>"; };
		C836DCB021F33C14005EDAD9 /* Circle.swift */ = {isa = PBXFileReference; lastKnownFileType = sourcecode.swift; path = Circle.swift; sourceTree = "<group>"; };
		C836DCB221F33FCF005EDAD9 /* CoreGraphicsAdditions.swift */ = {isa = PBXFileReference; lastKnownFileType = sourcecode.swift; path = CoreGraphicsAdditions.swift; sourceTree = "<group>"; };
		C836DCB421F344BD005EDAD9 /* CollectionViewController.swift */ = {isa = PBXFileReference; lastKnownFileType = sourcecode.swift; path = CollectionViewController.swift; sourceTree = "<group>"; };
		C836DCB621F3483F005EDAD9 /* CircleCollectionViewCell.swift */ = {isa = PBXFileReference; lastKnownFileType = sourcecode.swift; path = CircleCollectionViewCell.swift; sourceTree = "<group>"; };
/* End PBXFileReference section */

/* Begin PBXFrameworksBuildPhase section */
		C836DC9621F33B4F005EDAD9 /* Frameworks */ = {
			isa = PBXFrameworksBuildPhase;
			buildActionMask = 2147483647;
			files = (
			);
			runOnlyForDeploymentPostprocessing = 0;
		};
/* End PBXFrameworksBuildPhase section */

/* Begin PBXGroup section */
		C836DC9021F33B4F005EDAD9 = {
			isa = PBXGroup;
			children = (
				C836DC9B21F33B4F005EDAD9 /* CustomUICollectionViewLayout */,
				C836DC9A21F33B4F005EDAD9 /* Products */,
			);
			sourceTree = "<group>";
		};
		C836DC9A21F33B4F005EDAD9 /* Products */ = {
			isa = PBXGroup;
			children = (
				C836DC9921F33B4F005EDAD9 /* CustomUICollectionViewLayout.app */,
			);
			name = Products;
			sourceTree = "<group>";
		};
		C836DC9B21F33B4F005EDAD9 /* CustomUICollectionViewLayout */ = {
			isa = PBXGroup;
			children = (
				C836DC9C21F33B4F005EDAD9 /* AppDelegate.swift */,
				C836DCB421F344BD005EDAD9 /* CollectionViewController.swift */,
				C836DCAE21F33B89005EDAD9 /* CircleCollectionViewLayout.swift */,
				C836DCB621F3483F005EDAD9 /* CircleCollectionViewCell.swift */,
				C836DCB021F33C14005EDAD9 /* Circle.swift */,
				C836DCB221F33FCF005EDAD9 /* CoreGraphicsAdditions.swift */,
				C836DCA021F33B4F005EDAD9 /* Main.storyboard */,
				C836DCA321F33B4F005EDAD9 /* Assets.xcassets */,
				C836DCA521F33B4F005EDAD9 /* LaunchScreen.storyboard */,
				C836DCA821F33B4F005EDAD9 /* Info.plist */,
			);
			path = CustomUICollectionViewLayout;
			sourceTree = "<group>";
		};
/* End PBXGroup section */

/* Begin PBXNativeTarget section */
		C836DC9821F33B4F005EDAD9 /* CustomUICollectionViewLayout */ = {
			isa = PBXNativeTarget;
			buildConfigurationList = C836DCAB21F33B4F005EDAD9 /* Build configuration list for PBXNativeTarget "CustomUICollectionViewLayout" */;
			buildPhases = (
				C836DC9521F33B4F005EDAD9 /* Sources */,
				C836DC9621F33B4F005EDAD9 /* Frameworks */,
				C836DC9721F33B4F005EDAD9 /* Resources */,
			);
			buildRules = (
			);
			dependencies = (
			);
			name = CustomUICollectionViewLayout;
			productName = CustomUICollectionViewLayout;
			productReference = C836DC9921F33B4F005EDAD9 /* CustomUICollectionViewLayout.app */;
			productType = "com.apple.product-type.application";
		};
/* End PBXNativeTarget section */

/* Begin PBXProject section */
		C836DC9121F33B4F005EDAD9 /* Project object */ = {
			isa = PBXProject;
			attributes = {
				LastSwiftUpdateCheck = 1010;
				LastUpgradeCheck = 1010;
				ORGANIZATIONNAME = "Augmented Code";
				TargetAttributes = {
					C836DC9821F33B4F005EDAD9 = {
						CreatedOnToolsVersion = 10.1;
					};
				};
			};
			buildConfigurationList = C836DC9421F33B4F005EDAD9 /* Build configuration list for PBXProject "CustomUICollectionViewLayout" */;
			compatibilityVersion = "Xcode 9.3";
			developmentRegion = en;
			hasScannedForEncodings = 0;
			knownRegions = (
				en,
				Base,
			);
			mainGroup = C836DC9021F33B4F005EDAD9;
			productRefGroup = C836DC9A21F33B4F005EDAD9 /* Products */;
			projectDirPath = "";
			projectRoot = "";
			targets = (
				C836DC9821F33B4F005EDAD9 /* CustomUICollectionViewLayout */,
			);
		};
/* End PBXProject section */

/* Begin PBXResourcesBuildPhase section */
		C836DC9721F33B4F005EDAD9 /* Resources */ = {
			isa = PBXResourcesBuildPhase;
			buildActionMask = 2147483647;
			files = (
				C836DCA721F33B4F005EDAD9 /* LaunchScreen.storyboard in Resources */,
				C836DCA421F33B4F005EDAD9 /* Assets.xcassets in Resources */,
				C836DCA221F33B4F005EDAD9 /* Main.storyboard in Resources */,
			);
			runOnlyForDeploymentPostprocessing = 0;
		};
/* End PBXResourcesBuildPhase section */

/* Begin PBXSourcesBuildPhase section */
		C836DC9521F33B4F005EDAD9 /* Sources */ = {
			isa = PBXSourcesBuildPhase;
			buildActionMask = 2147483647;
			files = (
				C836DCB521F344BD005EDAD9 /* CollectionViewController.swift in Sources */,
				C836DCB121F33C14005EDAD9 /* Circle.swift in Sources */,
				C836DCB721F3483F005EDAD9 /* CircleCollectionViewCell.swift in Sources */,
				C836DCAF21F33B89005EDAD9 /* CircleCollectionViewLayout.swift in Sources */,
				C836DCB321F33FCF005EDAD9 /* CoreGraphicsAdditions.swift in Sources */,
				C836DC9D21F33B4F005EDAD9 /* AppDelegate.swift in Sources */,
			);
			runOnlyForDeploymentPostprocessing = 0;
		};
/* End PBXSourcesBuildPhase section */

/* Begin PBXVariantGroup section */
		C836DCA021F33B4F005EDAD9 /* Main.storyboard */ = {
			isa = PBXVariantGroup;
			children = (
				C836DCA121F33B4F005EDAD9 /* Base */,
			);
			name = Main.storyboard;
			sourceTree = "<group>";
		};
		C836DCA521F33B4F005EDAD9 /* LaunchScreen.storyboard */ = {
			isa = PBXVariantGroup;
			children = (
				C836DCA621F33B4F005EDAD9 /* Base */,
			);
			name = LaunchScreen.storyboard;
			sourceTree = "<group>";
		};
/* End PBXVariantGroup section */

/* Begin XCBuildConfiguration section */
		C836DCA921F33B4F005EDAD9 /* Debug */ = {
			isa = XCBuildConfiguration;
			buildSettings = {
				ALWAYS_SEARCH_USER_PATHS = NO;
				CLANG_ANALYZER_NONNULL = YES;
				CLANG_ANALYZER_NUMBER_OBJECT_CONVERSION = YES_AGGRESSIVE;
				CLANG_CXX_LANGUAGE_STANDARD = "gnu++14";
				CLANG_CXX_LIBRARY = "libc++";
				CLANG_ENABLE_MODULES = YES;
				CLANG_ENABLE_OBJC_ARC = YES;
				CLANG_ENABLE_OBJC_WEAK = YES;
				CLANG_WARN_BLOCK_CAPTURE_AUTORELEASING = YES;
				CLANG_WARN_BOOL_CONVERSION = YES;
				CLANG_WARN_COMMA = YES;
				CLANG_WARN_CONSTANT_CONVERSION = YES;
				CLANG_WARN_DEPRECATED_OBJC_IMPLEMENTATIONS = YES;
				CLANG_WARN_DIRECT_OBJC_ISA_USAGE = YES_ERROR;
				CLANG_WARN_DOCUMENTATION_COMMENTS = YES;
				CLANG_WARN_EMPTY_BODY = YES;
				CLANG_WARN_ENUM_CONVERSION = YES;
				CLANG_WARN_INFINITE_RECURSION = YES;
				CLANG_WARN_INT_CONVERSION = YES;
				CLANG_WARN_NON_LITERAL_NULL_CONVERSION = YES;
				CLANG_WARN_OBJC_IMPLICIT_RETAIN_SELF = YES;
				CLANG_WARN_OBJC_LITERAL_CONVERSION = YES;
				CLANG_WARN_OBJC_ROOT_CLASS = YES_ERROR;
				CLANG_WARN_RANGE_LOOP_ANALYSIS = YES;
				CLANG_WARN_STRICT_PROTOTYPES = YES;
				CLANG_WARN_SUSPICIOUS_MOVE = YES;
				CLANG_WARN_UNGUARDED_AVAILABILITY = YES_AGGRESSIVE;
				CLANG_WARN_UNREACHABLE_CODE = YES;
				CLANG_WARN__DUPLICATE_METHOD_MATCH = YES;
				CODE_SIGN_IDENTITY = "iPhone Developer";
				COPY_PHASE_STRIP = NO;
				DEBUG_INFORMATION_FORMAT = dwarf;
				ENABLE_STRICT_OBJC_MSGSEND = YES;
				ENABLE_TESTABILITY = YES;
				GCC_C_LANGUAGE_STANDARD = gnu11;
				GCC_DYNAMIC_NO_PIC = NO;
				GCC_NO_COMMON_BLOCKS = YES;
				GCC_OPTIMIZATION_LEVEL = 0;
				GCC_PREPROCESSOR_DEFINITIONS = (
					"DEBUG=1",
					"$(inherited)",
				);
				GCC_WARN_64_TO_32_BIT_CONVERSION = YES;
				GCC_WARN_ABOUT_RETURN_TYPE = YES_ERROR;
				GCC_WARN_UNDECLARED_SELECTOR = YES;
				GCC_WARN_UNINITIALIZED_AUTOS = YES_AGGRESSIVE;
				GCC_WARN_UNUSED_FUNCTION = YES;
				GCC_WARN_UNUSED_VARIABLE = YES;
				IPHONEOS_DEPLOYMENT_TARGET = 12.1;
				MTL_ENABLE_DEBUG_INFO = INCLUDE_SOURCE;
				MTL_FAST_MATH = YES;
				ONLY_ACTIVE_ARCH = YES;
				SDKROOT = iphoneos;
				SWIFT_ACTIVE_COMPILATION_CONDITIONS = DEBUG;
				SWIFT_OPTIMIZATION_LEVEL = "-Onone";
			};
			name = Debug;
		};
		C836DCAA21F33B4F005EDAD9 /* Release */ = {
			isa = XCBuildConfiguration;
			buildSettings = {
				ALWAYS_SEARCH_USER_PATHS = NO;
				CLANG_ANALYZER_NONNULL = YES;
				CLANG_ANALYZER_NUMBER_OBJECT_CONVERSION = YES_AGGRESSIVE;
				CLANG_CXX_LANGUAGE_STANDARD = "gnu++14";
				CLANG_CXX_LIBRARY = "libc++";
				CLANG_ENABLE_MODULES = YES;
				CLANG_ENABLE_OBJC_ARC = YES;
				CLANG_ENABLE_OBJC_WEAK = YES;
				CLANG_WARN_BLOCK_CAPTURE_AUTORELEASING = YES;
				CLANG_WARN_BOOL_CONVERSION = YES;
				CLANG_WARN_COMMA = YES;
				CLANG_WARN_CONSTANT_CONVERSION = YES;
				CLANG_WARN_DEPRECATED_OBJC_IMPLEMENTATIONS = YES;
				CLANG_WARN_DIRECT_OBJC_ISA_USAGE = YES_ERROR;
				CLANG_WARN_DOCUMENTATION_COMMENTS = YES;
				CLANG_WARN_EMPTY_BODY = YES;
				CLANG_WARN_ENUM_CONVERSION = YES;
				CLANG_WARN_INFINITE_RECURSION = YES;
				CLANG_WARN_INT_CONVERSION = YES;
				CLANG_WARN_NON_LITERAL_NULL_CONVERSION = YES;
				CLANG_WARN_OBJC_IMPLICIT_RETAIN_SELF = YES;
				CLANG_WARN_OBJC_LITERAL_CONVERSION = YES;
				CLANG_WARN_OBJC_ROOT_CLASS = YES_ERROR;
				CLANG_WARN_RANGE_LOOP_ANALYSIS = YES;
				CLANG_WARN_STRICT_PROTOTYPES = YES;
				CLANG_WARN_SUSPICIOUS_MOVE = YES;
				CLANG_WARN_UNGUARDED_AVAILABILITY = YES_AGGRESSIVE;
				CLANG_WARN_UNREACHABLE_CODE = YES;
				CLANG_WARN__DUPLICATE_METHOD_MATCH = YES;
				CODE_SIGN_IDENTITY = "iPhone Developer";
				COPY_PHASE_STRIP = NO;
				DEBUG_INFORMATION_FORMAT = "dwarf-with-dsym";
				ENABLE_NS_ASSERTIONS = NO;
				ENABLE_STRICT_OBJC_MSGSEND = YES;
				GCC_C_LANGUAGE_STANDARD = gnu11;
				GCC_NO_COMMON_BLOCKS = YES;
				GCC_WARN_64_TO_32_BIT_CONVERSION = YES;
				GCC_WARN_ABOUT_RETURN_TYPE = YES_ERROR;
				GCC_WARN_UNDECLARED_SELECTOR = YES;
				GCC_WARN_UNINITIALIZED_AUTOS = YES_AGGRESSIVE;
				GCC_WARN_UNUSED_FUNCTION = YES;
				GCC_WARN_UNUSED_VARIABLE = YES;
				IPHONEOS_DEPLOYMENT_TARGET = 12.1;
				MTL_ENABLE_DEBUG_INFO = NO;
				MTL_FAST_MATH = YES;
				SDKROOT = iphoneos;
				SWIFT_COMPILATION_MODE = wholemodule;
				SWIFT_OPTIMIZATION_LEVEL = "-O";
				VALIDATE_PRODUCT = YES;
			};
			name = Release;
		};
		C836DCAC21F33B4F005EDAD9 /* Debug */ = {
			isa = XCBuildConfiguration;
			buildSettings = {
				ASSETCATALOG_COMPILER_APPICON_NAME = AppIcon;
				CODE_SIGN_STYLE = Automatic;
				DEVELOPMENT_TEAM = XJPC47UM3W;
				INFOPLIST_FILE = CustomUICollectionViewLayout/Info.plist;
				LD_RUNPATH_SEARCH_PATHS = (
					"$(inherited)",
					"@executable_path/Frameworks",
				);
				PRODUCT_BUNDLE_IDENTIFIER = com.augmentedcode.CustomUICollectionViewLayout;
				PRODUCT_NAME = "$(TARGET_NAME)";
				SWIFT_VERSION = 4.2;
				TARGETED_DEVICE_FAMILY = "1,2";
			};
			name = Debug;
		};
		C836DCAD21F33B4F005EDAD9 /* Release */ = {
			isa = XCBuildConfiguration;
			buildSettings = {
				ASSETCATALOG_COMPILER_APPICON_NAME = AppIcon;
				CODE_SIGN_STYLE = Automatic;
				DEVELOPMENT_TEAM = XJPC47UM3W;
				INFOPLIST_FILE = CustomUICollectionViewLayout/Info.plist;
				LD_RUNPATH_SEARCH_PATHS = (
					"$(inherited)",
					"@executable_path/Frameworks",
				);
				PRODUCT_BUNDLE_IDENTIFIER = com.augmentedcode.CustomUICollectionViewLayout;
				PRODUCT_NAME = "$(TARGET_NAME)";
				SWIFT_VERSION = 4.2;
				TARGETED_DEVICE_FAMILY = "1,2";
			};
			name = Release;
		};
/* End XCBuildConfiguration section */

/* Begin XCConfigurationList section */
		C836DC9421F33B4F005EDAD9 /* Build configuration list for PBXProject "CustomUICollectionViewLayout" */ = {
			isa = XCConfigurationList;
			buildConfigurations = (
				C836DCA921F33B4F005EDAD9 /* Debug */,
				C836DCAA21F33B4F005EDAD9 /* Release */,
			);
			defaultConfigurationIsVisible = 0;
			defaultConfigurationName = Release;
		};
		C836DCAB21F33B4F005EDAD9 /* Build configuration list for PBXNativeTarget "CustomUICollectionViewLayout" */ = {
			isa = XCConfigurationList;
			buildConfigurations = (
				C836DCAC21F33B4F005EDAD9 /* Debug */,
				C836DCAD21F33B4F005EDAD9 /* Release */,
			);
			defaultConfigurationIsVisible = 0;
			defaultConfigurationName = Release;
		};
/* End XCConfigurationList section */
	};
	rootObject = C836DC9121F33B4F005EDAD9 /* Project object */;
}
